
Microsoft Visual Studio Solution File, Format Version 12.00
# Visual Studio Version 16
VisualStudioVersion = 16.0.29326.143
MinimumVisualStudioVersion = 10.0.40219.1
Project("{FAE04EC0-301F-11D3-BF4B-00C04F79EFBC}") = "BlazorSample", "BlazorSample.csproj", "{DDDF75AA-5467-4B51-AFCB-EA62094859E6}"
EndProject
Global
	GlobalSection(SolutionConfigurationPlatforms) = preSolution
		Debug|Any CPU = Debug|Any CPU
		Release|Any CPU = Release|Any CPU
	EndGlobalSection
	GlobalSection(ProjectConfigurationPlatforms) = postSolution
		{DDDF75AA-5467-4B51-AFCB-EA62094859E6}.Debug|Any CPU.ActiveCfg = Debug|Any CPU
		{DDDF75AA-5467-4B51-AFCB-EA62094859E6}.Debug|Any CPU.Build.0 = Debug|Any CPU
		{DDDF75AA-5467-4B51-AFCB-EA62094859E6}.Release|Any CPU.ActiveCfg = Release|Any CPU
		{DDDF75AA-5467-4B51-AFCB-EA62094859E6}.Release|Any CPU.Build.0 = Release|Any CPU
	EndGlobalSection
	GlobalSection(SolutionProperties) = preSolution
		HideSolutionNode = FALSE
	EndGlobalSection
	GlobalSection(ExtensibilityGlobals) = postSolution
		SolutionGuid = {95890C80-882A-406A-A557-0B71C35CC62A}
	EndGlobalSection
EndGlobal
